
Microsoft Visual Studio Solution File, Format Version 12.00
# Visual Studio Version 16
VisualStudioVersion = 16.0.30104.148
MinimumVisualStudioVersion = 10.0.40219.1
Project("{9A19103F-16F7-4668-BE54-9A1E7A4F7556}") = "Grpc.Server", "Grpc.Server\Grpc.Server.csproj", "{2206799E-2388-40E6-B76B-9F2B8DFDE51D}"
EndProject
Project("{9A19103F-16F7-4668-BE54-9A1E7A4F7556}") = "Unary.Messages", "Messages\Unary.Messages.csproj", "{6DFEF6AB-71A8-41CA-AA80-E3A698B3F3B4}"
EndProject
Project("{9A19103F-16F7-4668-BE54-9A1E7A4F7556}") = "gRPC.Client", "gRPC.Client\gRPC.Client.csproj", "{EE1CE0DB-A1A6-4B97-8DA1-3399F98A92DD}"
EndProject
Project("{2150E333-8FDC-42A3-9474-1A3956D46DE8}") = "UnaryCall", "UnaryCall", "{79881C6D-1DDF-4E7F-9606-50FAABD33523}"
EndProject
Project("{2150E333-8FDC-42A3-9474-1A3956D46DE8}") = "StreamingCalls", "StreamingCalls", "{17369FD4-E825-4FA1-A0D2-F14B80527E37}"
EndProject
Project("{FAE04EC0-301F-11D3-BF4B-00C04F79EFBC}") = "Grpc.Server.Stream", "Grpc.Server.Stream\Grpc.Server.Stream.csproj", "{032A7C2E-9F5B-4A09-88CD-D83D06A08303}"
EndProject
Project("{FAE04EC0-301F-11D3-BF4B-00C04F79EFBC}") = "Stream.Message", "Stream.Message\Stream.Message.csproj", "{A66D45E2-7EC1-451D-94B6-600C270EF72F}"
EndProject
Project("{FAE04EC0-301F-11D3-BF4B-00C04F79EFBC}") = "Client", "Client\Client.csproj", "{132E6B1E-1667-44CE-9148-9873F8F45F61}"
EndProject
Global
	GlobalSection(SolutionConfigurationPlatforms) = preSolution
		Debug|Any CPU = Debug|Any CPU
		Release|Any CPU = Release|Any CPU
	EndGlobalSection
	GlobalSection(ProjectConfigurationPlatforms) = postSolution
		{2206799E-2388-40E6-B76B-9F2B8DFDE51D}.Debug|Any CPU.ActiveCfg = Debug|Any CPU
		{2206799E-2388-40E6-B76B-9F2B8DFDE51D}.Debug|Any CPU.Build.0 = Debug|Any CPU
		{2206799E-2388-40E6-B76B-9F2B8DFDE51D}.Release|Any CPU.ActiveCfg = Release|Any CPU
		{2206799E-2388-40E6-B76B-9F2B8DFDE51D}.Release|Any CPU.Build.0 = Release|Any CPU
		{6DFEF6AB-71A8-41CA-AA80-E3A698B3F3B4}.Debug|Any CPU.ActiveCfg = Debug|Any CPU
		{6DFEF6AB-71A8-41CA-AA80-E3A698B3F3B4}.Debug|Any CPU.Build.0 = Debug|Any CPU
		{6DFEF6AB-71A8-41CA-AA80-E3A698B3F3B4}.Release|Any CPU.ActiveCfg = Release|Any CPU
		{6DFEF6AB-71A8-41CA-AA80-E3A698B3F3B4}.Release|Any CPU.Build.0 = Release|Any CPU
		{EE1CE0DB-A1A6-4B97-8DA1-3399F98A92DD}.Debug|Any CPU.ActiveCfg = Debug|Any CPU
		{EE1CE0DB-A1A6-4B97-8DA1-3399F98A92DD}.Debug|Any CPU.Build.0 = Debug|Any CPU
		{EE1CE0DB-A1A6-4B97-8DA1-3399F98A92DD}.Release|Any CPU.ActiveCfg = Release|Any CPU
		{EE1CE0DB-A1A6-4B97-8DA1-3399F98A92DD}.Release|Any CPU.Build.0 = Release|Any CPU
		{032A7C2E-9F5B-4A09-88CD-D83D06A08303}.Debug|Any CPU.ActiveCfg = Debug|Any CPU
		{032A7C2E-9F5B-4A09-88CD-D83D06A08303}.Debug|Any CPU.Build.0 = Debug|Any CPU
		{032A7C2E-9F5B-4A09-88CD-D83D06A08303}.Release|Any CPU.ActiveCfg = Release|Any CPU
		{032A7C2E-9F5B-4A09-88CD-D83D06A08303}.Release|Any CPU.Build.0 = Release|Any CPU
		{A66D45E2-7EC1-451D-94B6-600C270EF72F}.Debug|Any CPU.ActiveCfg = Debug|Any CPU
		{A66D45E2-7EC1-451D-94B6-600C270EF72F}.Debug|Any CPU.Build.0 = Debug|Any CPU
		{A66D45E2-7EC1-451D-94B6-600C270EF72F}.Release|Any CPU.ActiveCfg = Release|Any CPU
		{A66D45E2-7EC1-451D-94B6-600C270EF72F}.Release|Any CPU.Build.0 = Release|Any CPU
		{132E6B1E-1667-44CE-9148-9873F8F45F61}.Debug|Any CPU.ActiveCfg = Debug|Any CPU
		{132E6B1E-1667-44CE-9148-9873F8F45F61}.Debug|Any CPU.Build.0 = Debug|Any CPU
		{132E6B1E-1667-44CE-9148-9873F8F45F61}.Release|Any CPU.ActiveCfg = Release|Any CPU
		{132E6B1E-1667-44CE-9148-9873F8F45F61}.Release|Any CPU.Build.0 = Release|Any CPU
	EndGlobalSection
	GlobalSection(SolutionProperties) = preSolution
		HideSolutionNode = FALSE
	EndGlobalSection
	GlobalSection(NestedProjects) = preSolution
		{2206799E-2388-40E6-B76B-9F2B8DFDE51D} = {79881C6D-1DDF-4E7F-9606-50FAABD33523}
		{6DFEF6AB-71A8-41CA-AA80-E3A698B3F3B4} = {79881C6D-1DDF-4E7F-9606-50FAABD33523}
		{EE1CE0DB-A1A6-4B97-8DA1-3399F98A92DD} = {79881C6D-1DDF-4E7F-9606-50FAABD33523}
		{032A7C2E-9F5B-4A09-88CD-D83D06A08303} = {17369FD4-E825-4FA1-A0D2-F14B80527E37}
		{A66D45E2-7EC1-451D-94B6-600C270EF72F} = {17369FD4-E825-4FA1-A0D2-F14B80527E37}
		{132E6B1E-1667-44CE-9148-9873F8F45F61} = {17369FD4-E825-4FA1-A0D2-F14B80527E37}
	EndGlobalSection
	GlobalSection(ExtensibilityGlobals) = postSolution
		SolutionGuid = {E2FD97A7-D807-48B2-A5FE-AD74D246CCA1}
	EndGlobalSection
EndGlobal
